
Microsoft Visual Studio Solution File, Format Version 12.00
# Visual Studio Version 17
VisualStudioVersion = 17.10.35013.160
MinimumVisualStudioVersion = 10.0.40219.1
Project("{FAE04EC0-301F-11D3-BF4B-00C04F79EFBC}") = "Split", "Split\Split.csproj", "{F06C24DA-4413-4686-A84F-5829CD896CAE}"
EndProject
Global
	GlobalSection(SolutionConfigurationPlatforms) = preSolution
		Debug|Any CPU = Debug|Any CPU
		Release|Any CPU = Release|Any CPU
	EndGlobalSection
	GlobalSection(ProjectConfigurationPlatforms) = postSolution
		{F06C24DA-4413-4686-A84F-5829CD896CAE}.Debug|Any CPU.ActiveCfg = Debug|Any CPU
		{F06C24DA-4413-4686-A84F-5829CD896CAE}.Debug|Any CPU.Build.0 = Debug|Any CPU
		{F06C24DA-4413-4686-A84F-5829CD896CAE}.Release|Any CPU.ActiveCfg = Release|Any CPU
		{F06C24DA-4413-4686-A84F-5829CD896CAE}.Release|Any CPU.Build.0 = Release|Any CPU
	EndGlobalSection
	GlobalSection(SolutionProperties) = preSolution
		HideSolutionNode = FALSE
	EndGlobalSection
	GlobalSection(ExtensibilityGlobals) = postSolution
		SolutionGuid = {81D77724-D1CB-47AA-9D7E-69F961EA95C7}
	EndGlobalSection
EndGlobal
